
Microsoft Visual Studio Solution File, Format Version 12.00
# Visual Studio 15
VisualStudioVersion = 15.0.27004.2002
MinimumVisualStudioVersion = 10.0.40219.1
Project("{E24C65DC-7377-472B-9ABA-BC803B73C61A}") = "EmployeePayslipCalculator.WebApp", "EmployeePayslipCalculator.WebApp\", "{29029CB8-1AF9-4140-8683-C98F5F7C615E}"
	ProjectSection(WebsiteProperties) = preProject
		TargetFrameworkMoniker = ".NETFramework,Version%3Dv4.0"
		Debug.AspNetCompiler.VirtualPath = "/localhost_61796"
		Debug.AspNetCompiler.PhysicalPath = "EmployeePayslipCalculator.WebApp\"
		Debug.AspNetCompiler.TargetPath = "PrecompiledWeb\localhost_61796\"
		Debug.AspNetCompiler.Updateable = "true"
		Debug.AspNetCompiler.ForceOverwrite = "true"
		Debug.AspNetCompiler.FixedNames = "false"
		Debug.AspNetCompiler.Debug = "True"
		Release.AspNetCompiler.VirtualPath = "/localhost_61796"
		Release.AspNetCompiler.PhysicalPath = "EmployeePayslipCalculator.WebApp\"
		Release.AspNetCompiler.TargetPath = "PrecompiledWeb\localhost_61796\"
		Release.AspNetCompiler.Updateable = "true"
		Release.AspNetCompiler.ForceOverwrite = "true"
		Release.AspNetCompiler.FixedNames = "false"
		Release.AspNetCompiler.Debug = "False"
		VWDPort = "61796"
		SlnRelativePath = "EmployeePayslipCalculator.WebApp\"
	EndProjectSection
EndProject
Project("{FAE04EC0-301F-11D3-BF4B-00C04F79EFBC}") = "EmployeePayslipCalculator.WebApi", "EmployeePayslipCalculator.WebApi\EmployeePayslipCalculator.WebApi.csproj", "{667B6CE2-5442-43E8-BF4D-29021BB161B4}"
EndProject
Project("{FAE04EC0-301F-11D3-BF4B-00C04F79EFBC}") = "EmployeePayslipCalculator.Models", "EmployeePayslipCalculator.Models\EmployeePayslipCalculator.Models.csproj", "{34D2907C-FF83-4DF7-A077-83244EFE0CF4}"
EndProject
Project("{FAE04EC0-301F-11D3-BF4B-00C04F79EFBC}") = "EmployeePayslipCalculator.Service", "EmployeePayslipCalculator.Service\EmployeePayslipCalculator.Service.csproj", "{DC804837-729B-4A27-AD0A-EBC5FE0712E4}"
EndProject
Global
	GlobalSection(SolutionConfigurationPlatforms) = preSolution
		Debug|Any CPU = Debug|Any CPU
		Release|Any CPU = Release|Any CPU
	EndGlobalSection
	GlobalSection(ProjectConfigurationPlatforms) = postSolution
		{29029CB8-1AF9-4140-8683-C98F5F7C615E}.Debug|Any CPU.ActiveCfg = Debug|Any CPU
		{29029CB8-1AF9-4140-8683-C98F5F7C615E}.Debug|Any CPU.Build.0 = Debug|Any CPU
		{29029CB8-1AF9-4140-8683-C98F5F7C615E}.Release|Any CPU.ActiveCfg = Debug|Any CPU
		{29029CB8-1AF9-4140-8683-C98F5F7C615E}.Release|Any CPU.Build.0 = Debug|Any CPU
		{667B6CE2-5442-43E8-BF4D-29021BB161B4}.Debug|Any CPU.ActiveCfg = Debug|Any CPU
		{667B6CE2-5442-43E8-BF4D-29021BB161B4}.Debug|Any CPU.Build.0 = Debug|Any CPU
		{667B6CE2-5442-43E8-BF4D-29021BB161B4}.Release|Any CPU.ActiveCfg = Release|Any CPU
		{667B6CE2-5442-43E8-BF4D-29021BB161B4}.Release|Any CPU.Build.0 = Release|Any CPU
		{34D2907C-FF83-4DF7-A077-83244EFE0CF4}.Debug|Any CPU.ActiveCfg = Debug|Any CPU
		{34D2907C-FF83-4DF7-A077-83244EFE0CF4}.Debug|Any CPU.Build.0 = Debug|Any CPU
		{34D2907C-FF83-4DF7-A077-83244EFE0CF4}.Release|Any CPU.ActiveCfg = Release|Any CPU
		{34D2907C-FF83-4DF7-A077-83244EFE0CF4}.Release|Any CPU.Build.0 = Release|Any CPU
		{DC804837-729B-4A27-AD0A-EBC5FE0712E4}.Debug|Any CPU.ActiveCfg = Debug|Any CPU
		{DC804837-729B-4A27-AD0A-EBC5FE0712E4}.Debug|Any CPU.Build.0 = Debug|Any CPU
		{DC804837-729B-4A27-AD0A-EBC5FE0712E4}.Release|Any CPU.ActiveCfg = Release|Any CPU
		{DC804837-729B-4A27-AD0A-EBC5FE0712E4}.Release|Any CPU.Build.0 = Release|Any CPU
	EndGlobalSection
	GlobalSection(SolutionProperties) = preSolution
		HideSolutionNode = FALSE
	EndGlobalSection
	GlobalSection(ExtensibilityGlobals) = postSolution
		SolutionGuid = {004FD83A-8580-43C0-8D27-F4FAD26D3022}
	EndGlobalSection
EndGlobal
