
Microsoft Visual Studio Solution File, Format Version 12.00
# Visual Studio 15
VisualStudioVersion = 15.0.27004.2002
MinimumVisualStudioVersion = 10.0.40219.1
Project("{2150E333-8FDC-42A3-9474-1A3956D46DE8}") = "Domain", "Domain", "{C402EF12-1B80-49E1-9E21-5AAF353C3588}"
EndProject
Project("{2150E333-8FDC-42A3-9474-1A3956D46DE8}") = "Service", "Service", "{2B0A8219-EA81-4C83-BA78-8A473C17DD96}"
EndProject
Project("{2150E333-8FDC-42A3-9474-1A3956D46DE8}") = "Presentation", "Presentation", "{4F569D42-B9A5-4846-A7B1-6C7EFECD0DFA}"
EndProject
Project("{9A19103F-16F7-4668-BE54-9A1E7A4F7556}") = "EmployeePayslipCalculator.Models", "Domain\EmployeePayslipCalculator.Models\EmployeePayslipCalculator.Models.csproj", "{C0863FC7-6230-4B7F-B1B3-51D4F727133A}"
EndProject
Project("{9A19103F-16F7-4668-BE54-9A1E7A4F7556}") = "EmployeePayslipCalculator.Service", "Domain\EmployeePayslipCalculator.Service\EmployeePayslipCalculator.Service.csproj", "{DB5E6F41-1C66-4CB6-ABF6-07887BC8C180}"
EndProject
Project("{E24C65DC-7377-472B-9ABA-BC803B73C61A}") = "EmployeePayslipCalculator.WebApp(1)", "Presentation\EmployeePayslipCalculator.WebApp\", "{B24896F9-08DB-43B5-A808-8F154933C865}"
	ProjectSection(WebsiteProperties) = preProject
		TargetFrameworkMoniker = ".NETFramework,Version%3Dv4.0"
		Debug.AspNetCompiler.VirtualPath = "/localhost_51278"
		Debug.AspNetCompiler.PhysicalPath = "Presentation\EmployeePayslipCalculator.WebApp\"
		Debug.AspNetCompiler.TargetPath = "PrecompiledWeb\localhost_51278\"
		Debug.AspNetCompiler.Updateable = "true"
		Debug.AspNetCompiler.ForceOverwrite = "true"
		Debug.AspNetCompiler.FixedNames = "false"
		Debug.AspNetCompiler.Debug = "True"
		Release.AspNetCompiler.VirtualPath = "/localhost_51278"
		Release.AspNetCompiler.PhysicalPath = "Presentation\EmployeePayslipCalculator.WebApp\"
		Release.AspNetCompiler.TargetPath = "PrecompiledWeb\localhost_51278\"
		Release.AspNetCompiler.Updateable = "true"
		Release.AspNetCompiler.ForceOverwrite = "true"
		Release.AspNetCompiler.FixedNames = "false"
		Release.AspNetCompiler.Debug = "False"
		VWDPort = "51278"
		SlnRelativePath = "Presentation\EmployeePayslipCalculator.WebApp\"
	EndProjectSection
EndProject
Project("{9A19103F-16F7-4668-BE54-9A1E7A4F7556}") = "EmployeePayslipCalculator.WebApi.Test", "Service\EmployeePayslipCalculator.WebApi.Test\EmployeePayslipCalculator.WebApi.Test.csproj", "{5757714A-505A-453A-ACDE-5654FE0B3DC5}"
EndProject
Project("{9A19103F-16F7-4668-BE54-9A1E7A4F7556}") = "EmployeePayslipCalculator.Service.Test", "Domain\EmployeePayslipCalculator.Service.Test\EmployeePayslipCalculator.Service.Test.csproj", "{4ACCDE82-2560-4977-BEF6-4B48156DA9FF}"
EndProject
Project("{9A19103F-16F7-4668-BE54-9A1E7A4F7556}") = "EmployeePayslipCalculator.WebApi", "Service\EmployeePayslipCalculator.WebApi\EmployeePayslipCalculator.WebApi.csproj", "{DBE0AFCE-D53C-47D7-8011-548385EB07CF}"
EndProject
Project("{262852C6-CD72-467D-83FE-5EEB1973A190}") = "EmployeePayslipCalculator.MobileApp", "Presentation\EmployeePayslipCalculator.MobileApp\EmployeePayslipCalculator.MobileApp.jsproj", "{7A8A6C8B-A1E3-465F-BE23-655CFBAB7852}"
EndProject
Global
	GlobalSection(SolutionConfigurationPlatforms) = preSolution
		Debug|Android = Debug|Android
		Debug|Any CPU = Debug|Any CPU
		Debug|iOS = Debug|iOS
		Debug|Windows-ARM = Debug|Windows-ARM
		Debug|Windows-x64 = Debug|Windows-x64
		Debug|Windows-x86 = Debug|Windows-x86
		Release|Android = Release|Android
		Release|Any CPU = Release|Any CPU
		Release|iOS = Release|iOS
		Release|Windows-ARM = Release|Windows-ARM
		Release|Windows-x64 = Release|Windows-x64
		Release|Windows-x86 = Release|Windows-x86
	EndGlobalSection
	GlobalSection(ProjectConfigurationPlatforms) = postSolution
		{C0863FC7-6230-4B7F-B1B3-51D4F727133A}.Debug|Android.ActiveCfg = Debug|Any CPU
		{C0863FC7-6230-4B7F-B1B3-51D4F727133A}.Debug|Android.Build.0 = Debug|Any CPU
		{C0863FC7-6230-4B7F-B1B3-51D4F727133A}.Debug|Any CPU.ActiveCfg = Debug|Any CPU
		{C0863FC7-6230-4B7F-B1B3-51D4F727133A}.Debug|Any CPU.Build.0 = Debug|Any CPU
		{C0863FC7-6230-4B7F-B1B3-51D4F727133A}.Debug|iOS.ActiveCfg = Debug|Any CPU
		{C0863FC7-6230-4B7F-B1B3-51D4F727133A}.Debug|iOS.Build.0 = Debug|Any CPU
		{C0863FC7-6230-4B7F-B1B3-51D4F727133A}.Debug|Windows-ARM.ActiveCfg = Debug|Any CPU
		{C0863FC7-6230-4B7F-B1B3-51D4F727133A}.Debug|Windows-ARM.Build.0 = Debug|Any CPU
		{C0863FC7-6230-4B7F-B1B3-51D4F727133A}.Debug|Windows-x64.ActiveCfg = Debug|Any CPU
		{C0863FC7-6230-4B7F-B1B3-51D4F727133A}.Debug|Windows-x64.Build.0 = Debug|Any CPU
		{C0863FC7-6230-4B7F-B1B3-51D4F727133A}.Debug|Windows-x86.ActiveCfg = Debug|Any CPU
		{C0863FC7-6230-4B7F-B1B3-51D4F727133A}.Debug|Windows-x86.Build.0 = Debug|Any CPU
		{C0863FC7-6230-4B7F-B1B3-51D4F727133A}.Release|Android.ActiveCfg = Release|Any CPU
		{C0863FC7-6230-4B7F-B1B3-51D4F727133A}.Release|Android.Build.0 = Release|Any CPU
		{C0863FC7-6230-4B7F-B1B3-51D4F727133A}.Release|Any CPU.ActiveCfg = Release|Any CPU
		{C0863FC7-6230-4B7F-B1B3-51D4F727133A}.Release|Any CPU.Build.0 = Release|Any CPU
		{C0863FC7-6230-4B7F-B1B3-51D4F727133A}.Release|iOS.ActiveCfg = Release|Any CPU
		{C0863FC7-6230-4B7F-B1B3-51D4F727133A}.Release|iOS.Build.0 = Release|Any CPU
		{C0863FC7-6230-4B7F-B1B3-51D4F727133A}.Release|Windows-ARM.ActiveCfg = Release|Any CPU
		{C0863FC7-6230-4B7F-B1B3-51D4F727133A}.Release|Windows-ARM.Build.0 = Release|Any CPU
		{C0863FC7-6230-4B7F-B1B3-51D4F727133A}.Release|Windows-x64.ActiveCfg = Release|Any CPU
		{C0863FC7-6230-4B7F-B1B3-51D4F727133A}.Release|Windows-x64.Build.0 = Release|Any CPU
		{C0863FC7-6230-4B7F-B1B3-51D4F727133A}.Release|Windows-x86.ActiveCfg = Release|Any CPU
		{C0863FC7-6230-4B7F-B1B3-51D4F727133A}.Release|Windows-x86.Build.0 = Release|Any CPU
		{DB5E6F41-1C66-4CB6-ABF6-07887BC8C180}.Debug|Android.ActiveCfg = Debug|Any CPU
		{DB5E6F41-1C66-4CB6-ABF6-07887BC8C180}.Debug|Android.Build.0 = Debug|Any CPU
		{DB5E6F41-1C66-4CB6-ABF6-07887BC8C180}.Debug|Any CPU.ActiveCfg = Debug|Any CPU
		{DB5E6F41-1C66-4CB6-ABF6-07887BC8C180}.Debug|Any CPU.Build.0 = Debug|Any CPU
		{DB5E6F41-1C66-4CB6-ABF6-07887BC8C180}.Debug|iOS.ActiveCfg = Debug|Any CPU
		{DB5E6F41-1C66-4CB6-ABF6-07887BC8C180}.Debug|iOS.Build.0 = Debug|Any CPU
		{DB5E6F41-1C66-4CB6-ABF6-07887BC8C180}.Debug|Windows-ARM.ActiveCfg = Debug|Any CPU
		{DB5E6F41-1C66-4CB6-ABF6-07887BC8C180}.Debug|Windows-ARM.Build.0 = Debug|Any CPU
		{DB5E6F41-1C66-4CB6-ABF6-07887BC8C180}.Debug|Windows-x64.ActiveCfg = Debug|Any CPU
		{DB5E6F41-1C66-4CB6-ABF6-07887BC8C180}.Debug|Windows-x64.Build.0 = Debug|Any CPU
		{DB5E6F41-1C66-4CB6-ABF6-07887BC8C180}.Debug|Windows-x86.ActiveCfg = Debug|Any CPU
		{DB5E6F41-1C66-4CB6-ABF6-07887BC8C180}.Debug|Windows-x86.Build.0 = Debug|Any CPU
		{DB5E6F41-1C66-4CB6-ABF6-07887BC8C180}.Release|Android.ActiveCfg = Release|Any CPU
		{DB5E6F41-1C66-4CB6-ABF6-07887BC8C180}.Release|Android.Build.0 = Release|Any CPU
		{DB5E6F41-1C66-4CB6-ABF6-07887BC8C180}.Release|Any CPU.ActiveCfg = Release|Any CPU
		{DB5E6F41-1C66-4CB6-ABF6-07887BC8C180}.Release|Any CPU.Build.0 = Release|Any CPU
		{DB5E6F41-1C66-4CB6-ABF6-07887BC8C180}.Release|iOS.ActiveCfg = Release|Any CPU
		{DB5E6F41-1C66-4CB6-ABF6-07887BC8C180}.Release|iOS.Build.0 = Release|Any CPU
		{DB5E6F41-1C66-4CB6-ABF6-07887BC8C180}.Release|Windows-ARM.ActiveCfg = Release|Any CPU
		{DB5E6F41-1C66-4CB6-ABF6-07887BC8C180}.Release|Windows-ARM.Build.0 = Release|Any CPU
		{DB5E6F41-1C66-4CB6-ABF6-07887BC8C180}.Release|Windows-x64.ActiveCfg = Release|Any CPU
		{DB5E6F41-1C66-4CB6-ABF6-07887BC8C180}.Release|Windows-x64.Build.0 = Release|Any CPU
		{DB5E6F41-1C66-4CB6-ABF6-07887BC8C180}.Release|Windows-x86.ActiveCfg = Release|Any CPU
		{DB5E6F41-1C66-4CB6-ABF6-07887BC8C180}.Release|Windows-x86.Build.0 = Release|Any CPU
		{B24896F9-08DB-43B5-A808-8F154933C865}.Debug|Android.ActiveCfg = Debug|Any CPU
		{B24896F9-08DB-43B5-A808-8F154933C865}.Debug|Android.Build.0 = Debug|Any CPU
		{B24896F9-08DB-43B5-A808-8F154933C865}.Debug|Any CPU.ActiveCfg = Debug|Any CPU
		{B24896F9-08DB-43B5-A808-8F154933C865}.Debug|Any CPU.Build.0 = Debug|Any CPU
		{B24896F9-08DB-43B5-A808-8F154933C865}.Debug|iOS.ActiveCfg = Debug|Any CPU
		{B24896F9-08DB-43B5-A808-8F154933C865}.Debug|iOS.Build.0 = Debug|Any CPU
		{B24896F9-08DB-43B5-A808-8F154933C865}.Debug|Windows-ARM.ActiveCfg = Debug|Any CPU
		{B24896F9-08DB-43B5-A808-8F154933C865}.Debug|Windows-ARM.Build.0 = Debug|Any CPU
		{B24896F9-08DB-43B5-A808-8F154933C865}.Debug|Windows-x64.ActiveCfg = Debug|Any CPU
		{B24896F9-08DB-43B5-A808-8F154933C865}.Debug|Windows-x64.Build.0 = Debug|Any CPU
		{B24896F9-08DB-43B5-A808-8F154933C865}.Debug|Windows-x86.ActiveCfg = Debug|Any CPU
		{B24896F9-08DB-43B5-A808-8F154933C865}.Debug|Windows-x86.Build.0 = Debug|Any CPU
		{B24896F9-08DB-43B5-A808-8F154933C865}.Release|Android.ActiveCfg = Debug|Any CPU
		{B24896F9-08DB-43B5-A808-8F154933C865}.Release|Android.Build.0 = Debug|Any CPU
		{B24896F9-08DB-43B5-A808-8F154933C865}.Release|Any CPU.ActiveCfg = Debug|Any CPU
		{B24896F9-08DB-43B5-A808-8F154933C865}.Release|Any CPU.Build.0 = Debug|Any CPU
		{B24896F9-08DB-43B5-A808-8F154933C865}.Release|iOS.ActiveCfg = Debug|Any CPU
		{B24896F9-08DB-43B5-A808-8F154933C865}.Release|iOS.Build.0 = Debug|Any CPU
		{B24896F9-08DB-43B5-A808-8F154933C865}.Release|Windows-ARM.ActiveCfg = Debug|Any CPU
		{B24896F9-08DB-43B5-A808-8F154933C865}.Release|Windows-ARM.Build.0 = Debug|Any CPU
		{B24896F9-08DB-43B5-A808-8F154933C865}.Release|Windows-x64.ActiveCfg = Debug|Any CPU
		{B24896F9-08DB-43B5-A808-8F154933C865}.Release|Windows-x64.Build.0 = Debug|Any CPU
		{B24896F9-08DB-43B5-A808-8F154933C865}.Release|Windows-x86.ActiveCfg = Debug|Any CPU
		{B24896F9-08DB-43B5-A808-8F154933C865}.Release|Windows-x86.Build.0 = Debug|Any CPU
		{5757714A-505A-453A-ACDE-5654FE0B3DC5}.Debug|Android.ActiveCfg = Debug|Any CPU
		{5757714A-505A-453A-ACDE-5654FE0B3DC5}.Debug|Android.Build.0 = Debug|Any CPU
		{5757714A-505A-453A-ACDE-5654FE0B3DC5}.Debug|Any CPU.ActiveCfg = Debug|Any CPU
		{5757714A-505A-453A-ACDE-5654FE0B3DC5}.Debug|Any CPU.Build.0 = Debug|Any CPU
		{5757714A-505A-453A-ACDE-5654FE0B3DC5}.Debug|iOS.ActiveCfg = Debug|Any CPU
		{5757714A-505A-453A-ACDE-5654FE0B3DC5}.Debug|iOS.Build.0 = Debug|Any CPU
		{5757714A-505A-453A-ACDE-5654FE0B3DC5}.Debug|Windows-ARM.ActiveCfg = Debug|Any CPU
		{5757714A-505A-453A-ACDE-5654FE0B3DC5}.Debug|Windows-ARM.Build.0 = Debug|Any CPU
		{5757714A-505A-453A-ACDE-5654FE0B3DC5}.Debug|Windows-x64.ActiveCfg = Debug|Any CPU
		{5757714A-505A-453A-ACDE-5654FE0B3DC5}.Debug|Windows-x64.Build.0 = Debug|Any CPU
		{5757714A-505A-453A-ACDE-5654FE0B3DC5}.Debug|Windows-x86.ActiveCfg = Debug|Any CPU
		{5757714A-505A-453A-ACDE-5654FE0B3DC5}.Debug|Windows-x86.Build.0 = Debug|Any CPU
		{5757714A-505A-453A-ACDE-5654FE0B3DC5}.Release|Android.ActiveCfg = Release|Any CPU
		{5757714A-505A-453A-ACDE-5654FE0B3DC5}.Release|Android.Build.0 = Release|Any CPU
		{5757714A-505A-453A-ACDE-5654FE0B3DC5}.Release|Any CPU.ActiveCfg = Release|Any CPU
		{5757714A-505A-453A-ACDE-5654FE0B3DC5}.Release|Any CPU.Build.0 = Release|Any CPU
		{5757714A-505A-453A-ACDE-5654FE0B3DC5}.Release|iOS.ActiveCfg = Release|Any CPU
		{5757714A-505A-453A-ACDE-5654FE0B3DC5}.Release|iOS.Build.0 = Release|Any CPU
		{5757714A-505A-453A-ACDE-5654FE0B3DC5}.Release|Windows-ARM.ActiveCfg = Release|Any CPU
		{5757714A-505A-453A-ACDE-5654FE0B3DC5}.Release|Windows-ARM.Build.0 = Release|Any CPU
		{5757714A-505A-453A-ACDE-5654FE0B3DC5}.Release|Windows-x64.ActiveCfg = Release|Any CPU
		{5757714A-505A-453A-ACDE-5654FE0B3DC5}.Release|Windows-x64.Build.0 = Release|Any CPU
		{5757714A-505A-453A-ACDE-5654FE0B3DC5}.Release|Windows-x86.ActiveCfg = Release|Any CPU
		{5757714A-505A-453A-ACDE-5654FE0B3DC5}.Release|Windows-x86.Build.0 = Release|Any CPU
		{4ACCDE82-2560-4977-BEF6-4B48156DA9FF}.Debug|Android.ActiveCfg = Debug|Any CPU
		{4ACCDE82-2560-4977-BEF6-4B48156DA9FF}.Debug|Android.Build.0 = Debug|Any CPU
		{4ACCDE82-2560-4977-BEF6-4B48156DA9FF}.Debug|Any CPU.ActiveCfg = Debug|Any CPU
		{4ACCDE82-2560-4977-BEF6-4B48156DA9FF}.Debug|Any CPU.Build.0 = Debug|Any CPU
		{4ACCDE82-2560-4977-BEF6-4B48156DA9FF}.Debug|iOS.ActiveCfg = Debug|Any CPU
		{4ACCDE82-2560-4977-BEF6-4B48156DA9FF}.Debug|iOS.Build.0 = Debug|Any CPU
		{4ACCDE82-2560-4977-BEF6-4B48156DA9FF}.Debug|Windows-ARM.ActiveCfg = Debug|Any CPU
		{4ACCDE82-2560-4977-BEF6-4B48156DA9FF}.Debug|Windows-ARM.Build.0 = Debug|Any CPU
		{4ACCDE82-2560-4977-BEF6-4B48156DA9FF}.Debug|Windows-x64.ActiveCfg = Debug|Any CPU
		{4ACCDE82-2560-4977-BEF6-4B48156DA9FF}.Debug|Windows-x64.Build.0 = Debug|Any CPU
		{4ACCDE82-2560-4977-BEF6-4B48156DA9FF}.Debug|Windows-x86.ActiveCfg = Debug|Any CPU
		{4ACCDE82-2560-4977-BEF6-4B48156DA9FF}.Debug|Windows-x86.Build.0 = Debug|Any CPU
		{4ACCDE82-2560-4977-BEF6-4B48156DA9FF}.Release|Android.ActiveCfg = Release|Any CPU
		{4ACCDE82-2560-4977-BEF6-4B48156DA9FF}.Release|Android.Build.0 = Release|Any CPU
		{4ACCDE82-2560-4977-BEF6-4B48156DA9FF}.Release|Any CPU.ActiveCfg = Release|Any CPU
		{4ACCDE82-2560-4977-BEF6-4B48156DA9FF}.Release|Any CPU.Build.0 = Release|Any CPU
		{4ACCDE82-2560-4977-BEF6-4B48156DA9FF}.Release|iOS.ActiveCfg = Release|Any CPU
		{4ACCDE82-2560-4977-BEF6-4B48156DA9FF}.Release|iOS.Build.0 = Release|Any CPU
		{4ACCDE82-2560-4977-BEF6-4B48156DA9FF}.Release|Windows-ARM.ActiveCfg = Release|Any CPU
		{4ACCDE82-2560-4977-BEF6-4B48156DA9FF}.Release|Windows-ARM.Build.0 = Release|Any CPU
		{4ACCDE82-2560-4977-BEF6-4B48156DA9FF}.Release|Windows-x64.ActiveCfg = Release|Any CPU
		{4ACCDE82-2560-4977-BEF6-4B48156DA9FF}.Release|Windows-x64.Build.0 = Release|Any CPU
		{4ACCDE82-2560-4977-BEF6-4B48156DA9FF}.Release|Windows-x86.ActiveCfg = Release|Any CPU
		{4ACCDE82-2560-4977-BEF6-4B48156DA9FF}.Release|Windows-x86.Build.0 = Release|Any CPU
		{DBE0AFCE-D53C-47D7-8011-548385EB07CF}.Debug|Android.ActiveCfg = Debug|Any CPU
		{DBE0AFCE-D53C-47D7-8011-548385EB07CF}.Debug|Android.Build.0 = Debug|Any CPU
		{DBE0AFCE-D53C-47D7-8011-548385EB07CF}.Debug|Any CPU.ActiveCfg = Debug|Any CPU
		{DBE0AFCE-D53C-47D7-8011-548385EB07CF}.Debug|Any CPU.Build.0 = Debug|Any CPU
		{DBE0AFCE-D53C-47D7-8011-548385EB07CF}.Debug|iOS.ActiveCfg = Debug|Any CPU
		{DBE0AFCE-D53C-47D7-8011-548385EB07CF}.Debug|iOS.Build.0 = Debug|Any CPU
		{DBE0AFCE-D53C-47D7-8011-548385EB07CF}.Debug|Windows-ARM.ActiveCfg = Debug|Any CPU
		{DBE0AFCE-D53C-47D7-8011-548385EB07CF}.Debug|Windows-ARM.Build.0 = Debug|Any CPU
		{DBE0AFCE-D53C-47D7-8011-548385EB07CF}.Debug|Windows-x64.ActiveCfg = Debug|Any CPU
		{DBE0AFCE-D53C-47D7-8011-548385EB07CF}.Debug|Windows-x64.Build.0 = Debug|Any CPU
		{DBE0AFCE-D53C-47D7-8011-548385EB07CF}.Debug|Windows-x86.ActiveCfg = Debug|Any CPU
		{DBE0AFCE-D53C-47D7-8011-548385EB07CF}.Debug|Windows-x86.Build.0 = Debug|Any CPU
		{DBE0AFCE-D53C-47D7-8011-548385EB07CF}.Release|Android.ActiveCfg = Release|Any CPU
		{DBE0AFCE-D53C-47D7-8011-548385EB07CF}.Release|Android.Build.0 = Release|Any CPU
		{DBE0AFCE-D53C-47D7-8011-548385EB07CF}.Release|Any CPU.ActiveCfg = Release|Any CPU
		{DBE0AFCE-D53C-47D7-8011-548385EB07CF}.Release|Any CPU.Build.0 = Release|Any CPU
		{DBE0AFCE-D53C-47D7-8011-548385EB07CF}.Release|iOS.ActiveCfg = Release|Any CPU
		{DBE0AFCE-D53C-47D7-8011-548385EB07CF}.Release|iOS.Build.0 = Release|Any CPU
		{DBE0AFCE-D53C-47D7-8011-548385EB07CF}.Release|Windows-ARM.ActiveCfg = Release|Any CPU
		{DBE0AFCE-D53C-47D7-8011-548385EB07CF}.Release|Windows-ARM.Build.0 = Release|Any CPU
		{DBE0AFCE-D53C-47D7-8011-548385EB07CF}.Release|Windows-x64.ActiveCfg = Release|Any CPU
		{DBE0AFCE-D53C-47D7-8011-548385EB07CF}.Release|Windows-x64.Build.0 = Release|Any CPU
		{DBE0AFCE-D53C-47D7-8011-548385EB07CF}.Release|Windows-x86.ActiveCfg = Release|Any CPU
		{DBE0AFCE-D53C-47D7-8011-548385EB07CF}.Release|Windows-x86.Build.0 = Release|Any CPU
		{7A8A6C8B-A1E3-465F-BE23-655CFBAB7852}.Debug|Android.ActiveCfg = Debug|Android
		{7A8A6C8B-A1E3-465F-BE23-655CFBAB7852}.Debug|Android.Build.0 = Debug|Android
		{7A8A6C8B-A1E3-465F-BE23-655CFBAB7852}.Debug|Android.Deploy.0 = Debug|Android
		{7A8A6C8B-A1E3-465F-BE23-655CFBAB7852}.Debug|Any CPU.ActiveCfg = Debug|Android
		{7A8A6C8B-A1E3-465F-BE23-655CFBAB7852}.Debug|iOS.ActiveCfg = Debug|iOS
		{7A8A6C8B-A1E3-465F-BE23-655CFBAB7852}.Debug|iOS.Build.0 = Debug|iOS
		{7A8A6C8B-A1E3-465F-BE23-655CFBAB7852}.Debug|iOS.Deploy.0 = Debug|iOS
		{7A8A6C8B-A1E3-465F-BE23-655CFBAB7852}.Debug|Windows-ARM.ActiveCfg = Debug|Windows-ARM
		{7A8A6C8B-A1E3-465F-BE23-655CFBAB7852}.Debug|Windows-ARM.Build.0 = Debug|Windows-ARM
		{7A8A6C8B-A1E3-465F-BE23-655CFBAB7852}.Debug|Windows-ARM.Deploy.0 = Debug|Windows-ARM
		{7A8A6C8B-A1E3-465F-BE23-655CFBAB7852}.Debug|Windows-x64.ActiveCfg = Debug|Windows-x64
		{7A8A6C8B-A1E3-465F-BE23-655CFBAB7852}.Debug|Windows-x64.Build.0 = Debug|Windows-x64
		{7A8A6C8B-A1E3-465F-BE23-655CFBAB7852}.Debug|Windows-x64.Deploy.0 = Debug|Windows-x64
		{7A8A6C8B-A1E3-465F-BE23-655CFBAB7852}.Debug|Windows-x86.ActiveCfg = Debug|Windows-x86
		{7A8A6C8B-A1E3-465F-BE23-655CFBAB7852}.Debug|Windows-x86.Build.0 = Debug|Windows-x86
		{7A8A6C8B-A1E3-465F-BE23-655CFBAB7852}.Debug|Windows-x86.Deploy.0 = Debug|Windows-x86
		{7A8A6C8B-A1E3-465F-BE23-655CFBAB7852}.Release|Android.ActiveCfg = Release|Android
		{7A8A6C8B-A1E3-465F-BE23-655CFBAB7852}.Release|Android.Build.0 = Release|Android
		{7A8A6C8B-A1E3-465F-BE23-655CFBAB7852}.Release|Android.Deploy.0 = Release|Android
		{7A8A6C8B-A1E3-465F-BE23-655CFBAB7852}.Release|Any CPU.ActiveCfg = Release|Android
		{7A8A6C8B-A1E3-465F-BE23-655CFBAB7852}.Release|iOS.ActiveCfg = Release|iOS
		{7A8A6C8B-A1E3-465F-BE23-655CFBAB7852}.Release|iOS.Build.0 = Release|iOS
		{7A8A6C8B-A1E3-465F-BE23-655CFBAB7852}.Release|iOS.Deploy.0 = Release|iOS
		{7A8A6C8B-A1E3-465F-BE23-655CFBAB7852}.Release|Windows-ARM.ActiveCfg = Release|Windows-ARM
		{7A8A6C8B-A1E3-465F-BE23-655CFBAB7852}.Release|Windows-ARM.Build.0 = Release|Windows-ARM
		{7A8A6C8B-A1E3-465F-BE23-655CFBAB7852}.Release|Windows-ARM.Deploy.0 = Release|Windows-ARM
		{7A8A6C8B-A1E3-465F-BE23-655CFBAB7852}.Release|Windows-x64.ActiveCfg = Release|Windows-x64
		{7A8A6C8B-A1E3-465F-BE23-655CFBAB7852}.Release|Windows-x64.Build.0 = Release|Windows-x64
		{7A8A6C8B-A1E3-465F-BE23-655CFBAB7852}.Release|Windows-x64.Deploy.0 = Release|Windows-x64
		{7A8A6C8B-A1E3-465F-BE23-655CFBAB7852}.Release|Windows-x86.ActiveCfg = Release|Windows-x86
		{7A8A6C8B-A1E3-465F-BE23-655CFBAB7852}.Release|Windows-x86.Build.0 = Release|Windows-x86
		{7A8A6C8B-A1E3-465F-BE23-655CFBAB7852}.Release|Windows-x86.Deploy.0 = Release|Windows-x86
	EndGlobalSection
	GlobalSection(SolutionProperties) = preSolution
		HideSolutionNode = FALSE
	EndGlobalSection
	GlobalSection(NestedProjects) = preSolution
		{C0863FC7-6230-4B7F-B1B3-51D4F727133A} = {C402EF12-1B80-49E1-9E21-5AAF353C3588}
		{DB5E6F41-1C66-4CB6-ABF6-07887BC8C180} = {C402EF12-1B80-49E1-9E21-5AAF353C3588}
		{B24896F9-08DB-43B5-A808-8F154933C865} = {4F569D42-B9A5-4846-A7B1-6C7EFECD0DFA}
		{5757714A-505A-453A-ACDE-5654FE0B3DC5} = {2B0A8219-EA81-4C83-BA78-8A473C17DD96}
		{4ACCDE82-2560-4977-BEF6-4B48156DA9FF} = {C402EF12-1B80-49E1-9E21-5AAF353C3588}
		{DBE0AFCE-D53C-47D7-8011-548385EB07CF} = {2B0A8219-EA81-4C83-BA78-8A473C17DD96}
		{7A8A6C8B-A1E3-465F-BE23-655CFBAB7852} = {4F569D42-B9A5-4846-A7B1-6C7EFECD0DFA}
	EndGlobalSection
	GlobalSection(ExtensibilityGlobals) = postSolution
		SolutionGuid = {004FD83A-8580-43C0-8D27-F4FAD26D3022}
	EndGlobalSection
EndGlobal
