
Microsoft Visual Studio Solution File, Format Version 12.00
# Visual Studio 15
VisualStudioVersion = 15.0.27004.2002
MinimumVisualStudioVersion = 10.0.40219.1
Project("{2150E333-8FDC-42A3-9474-1A3956D46DE8}") = "Domain", "Domain", "{C402EF12-1B80-49E1-9E21-5AAF353C3588}"
EndProject
Project("{2150E333-8FDC-42A3-9474-1A3956D46DE8}") = "Service", "Service", "{2B0A8219-EA81-4C83-BA78-8A473C17DD96}"
EndProject
Project("{2150E333-8FDC-42A3-9474-1A3956D46DE8}") = "Presentation", "Presentation", "{4F569D42-B9A5-4846-A7B1-6C7EFECD0DFA}"
EndProject
Project("{9A19103F-16F7-4668-BE54-9A1E7A4F7556}") = "EmployeePayslipCalculator.Models", "Domain\EmployeePayslipCalculator.Models\EmployeePayslipCalculator.Models.csproj", "{C0863FC7-6230-4B7F-B1B3-51D4F727133A}"
EndProject
Project("{9A19103F-16F7-4668-BE54-9A1E7A4F7556}") = "EmployeePayslipCalculator.Service", "Domain\EmployeePayslipCalculator.Service\EmployeePayslipCalculator.Service.csproj", "{DB5E6F41-1C66-4CB6-ABF6-07887BC8C180}"
EndProject
Project("{9A19103F-16F7-4668-BE54-9A1E7A4F7556}") = "EmployeePayslipCalculator.WebApi", "Service\EmployeePayslipCalculator.WebApi\EmployeePayslipCalculator.WebApi.csproj", "{391394F4-994A-46CB-8795-28DB5A70C850}"
EndProject
Global
	GlobalSection(SolutionConfigurationPlatforms) = preSolution
		Debug|Any CPU = Debug|Any CPU
		Release|Any CPU = Release|Any CPU
	EndGlobalSection
	GlobalSection(ProjectConfigurationPlatforms) = postSolution
		{C0863FC7-6230-4B7F-B1B3-51D4F727133A}.Debug|Any CPU.ActiveCfg = Debug|Any CPU
		{C0863FC7-6230-4B7F-B1B3-51D4F727133A}.Debug|Any CPU.Build.0 = Debug|Any CPU
		{C0863FC7-6230-4B7F-B1B3-51D4F727133A}.Release|Any CPU.ActiveCfg = Release|Any CPU
		{C0863FC7-6230-4B7F-B1B3-51D4F727133A}.Release|Any CPU.Build.0 = Release|Any CPU
		{DB5E6F41-1C66-4CB6-ABF6-07887BC8C180}.Debug|Any CPU.ActiveCfg = Debug|Any CPU
		{DB5E6F41-1C66-4CB6-ABF6-07887BC8C180}.Debug|Any CPU.Build.0 = Debug|Any CPU
		{DB5E6F41-1C66-4CB6-ABF6-07887BC8C180}.Release|Any CPU.ActiveCfg = Release|Any CPU
		{DB5E6F41-1C66-4CB6-ABF6-07887BC8C180}.Release|Any CPU.Build.0 = Release|Any CPU
		{391394F4-994A-46CB-8795-28DB5A70C850}.Debug|Any CPU.ActiveCfg = Debug|Any CPU
		{391394F4-994A-46CB-8795-28DB5A70C850}.Debug|Any CPU.Build.0 = Debug|Any CPU
		{391394F4-994A-46CB-8795-28DB5A70C850}.Release|Any CPU.ActiveCfg = Release|Any CPU
		{391394F4-994A-46CB-8795-28DB5A70C850}.Release|Any CPU.Build.0 = Release|Any CPU
	EndGlobalSection
	GlobalSection(SolutionProperties) = preSolution
		HideSolutionNode = FALSE
	EndGlobalSection
	GlobalSection(NestedProjects) = preSolution
		{C0863FC7-6230-4B7F-B1B3-51D4F727133A} = {C402EF12-1B80-49E1-9E21-5AAF353C3588}
		{DB5E6F41-1C66-4CB6-ABF6-07887BC8C180} = {C402EF12-1B80-49E1-9E21-5AAF353C3588}
		{391394F4-994A-46CB-8795-28DB5A70C850} = {2B0A8219-EA81-4C83-BA78-8A473C17DD96}
	EndGlobalSection
	GlobalSection(ExtensibilityGlobals) = postSolution
		SolutionGuid = {004FD83A-8580-43C0-8D27-F4FAD26D3022}
	EndGlobalSection
EndGlobal
